
Microsoft Visual Studio Solution File, Format Version 12.00
# Visual Studio Version 16
VisualStudioVersion = 16.0.29609.76
MinimumVisualStudioVersion = 10.0.40219.1
Project("{FAE04EC0-301F-11D3-BF4B-00C04F79EFBC}") = "proverka_na_ parola", "proverka_na_ parola\proverka_na_ parola.csproj", "{76712ABB-0C7B-4896-97EF-3586E29449FA}"
EndProject
Global
	GlobalSection(SolutionConfigurationPlatforms) = preSolution
		Debug|Any CPU = Debug|Any CPU
		Release|Any CPU = Release|Any CPU
	EndGlobalSection
	GlobalSection(ProjectConfigurationPlatforms) = postSolution
		{76712ABB-0C7B-4896-97EF-3586E29449FA}.Debug|Any CPU.ActiveCfg = Debug|Any CPU
		{76712ABB-0C7B-4896-97EF-3586E29449FA}.Debug|Any CPU.Build.0 = Debug|Any CPU
		{76712ABB-0C7B-4896-97EF-3586E29449FA}.Release|Any CPU.ActiveCfg = Release|Any CPU
		{76712ABB-0C7B-4896-97EF-3586E29449FA}.Release|Any CPU.Build.0 = Release|Any CPU
	EndGlobalSection
	GlobalSection(SolutionProperties) = preSolution
		HideSolutionNode = FALSE
	EndGlobalSection
	GlobalSection(ExtensibilityGlobals) = postSolution
		SolutionGuid = {02412D72-CD33-457A-9364-3940BC9B6CF8}
	EndGlobalSection
EndGlobal
